
Microsoft Visual Studio Solution File, Format Version 12.00
# Visual Studio Version 17
VisualStudioVersion = 17.2.32408.312
MinimumVisualStudioVersion = 10.0.40219.1
Project("{2150E333-8FDC-42A3-9474-1A3956D46DE8}") = "Marketing", "Marketing", "{55CDC4F1-5A2C-4B62-AABD-50E34D255A83}"
EndProject
Project("{9A19103F-16F7-4668-BE54-9A1E7A4F7556}") = "Marketing.Entities", "Marketing\Marketing.Entities\Marketing.Entities.csproj", "{1C65C023-0B14-4F6E-B090-0CD3328797B4}"
EndProject
Project("{2150E333-8FDC-42A3-9474-1A3956D46DE8}") = "Portfolio", "Portfolio", "{C5F308B6-D3B0-402E-96EB-FE77CD2DA3F6}"
EndProject
Project("{00D1A9C2-B5F0-4AF3-8072-F6C62B433612}") = "Portfolio.Database", "Portfolio Management\Portfolio.Database\Portfolio.Database.sqlproj", "{D2D34B8F-736F-4426-B5FA-BD191CEF7F2E}"
EndProject
Project("{9A19103F-16F7-4668-BE54-9A1E7A4F7556}") = "Portfolio.Services", "Portfolio Management\Portfolio.Services\Portfolio.Services.csproj", "{CE6FA61D-6331-4E99-B1EE-E3B07AF05454}"
EndProject
Project("{9A19103F-16F7-4668-BE54-9A1E7A4F7556}") = "Marketing.API", "Marketing\Marketing.API\Marketing.API.csproj", "{1F49245A-32D3-42BB-A2F5-764C498825CA}"
EndProject
Project("{9A19103F-16F7-4668-BE54-9A1E7A4F7556}") = "Portfolio.Repository", "Portfolio Management\Portfolio.Repository\Portfolio.Repository.csproj", "{09DD5B3E-E7D5-4CA4-8A87-29118F68B156}"
EndProject
Project("{9A19103F-16F7-4668-BE54-9A1E7A4F7556}") = "Marketing.ResponseBuilding", "Marketing\Marketing.ResponseBuilding\Marketing.ResponseBuilding.csproj", "{209F47B3-CFA1-44B8-8008-B1585864D711}"
EndProject
Project("{9A19103F-16F7-4668-BE54-9A1E7A4F7556}") = "Marketing.TestBed", "Marketing\Marketing.TestBed\Marketing.TestBed.csproj", "{9DD6CA5A-31B0-4C4D-A23C-FD5B769A61F3}"
EndProject
Project("{9A19103F-16F7-4668-BE54-9A1E7A4F7556}") = "Marketing.API.Functions", "Marketing\Marketing.API.Functions\Marketing.API.Functions.csproj", "{2C705771-E4FC-4DB8-AFAF-4326373A5DC2}"
EndProject
Project("{2150E333-8FDC-42A3-9474-1A3956D46DE8}") = "Common", "Common", "{54AD7328-787E-4F74-8EDF-F6DE36DC65D0}"
EndProject
Project("{9A19103F-16F7-4668-BE54-9A1E7A4F7556}") = "SLS.Azure.Functions", "Common\SLS.Azure.Functions\SLS.Azure.Functions.csproj", "{BA9BAE54-6E5B-401D-B80E-DE303FCAFB59}"
EndProject
Project("{9A19103F-16F7-4668-BE54-9A1E7A4F7556}") = "Marketing.ResponseBuilding.Functions", "Marketing\Marketing.ResponseBuilding.Functions\Marketing.ResponseBuilding.Functions.csproj", "{931BFFD4-85C6-41AE-B80A-E4DE464B8371}"
EndProject
Project("{9A19103F-16F7-4668-BE54-9A1E7A4F7556}") = "Portfolio.UploadServices", "Portfolio Management\Portfolio.UploadServices\Portfolio.UploadServices.csproj", "{67140229-F459-46D7-B9D3-713F426BE1A8}"
EndProject
Project("{9A19103F-16F7-4668-BE54-9A1E7A4F7556}") = "Portfolio.UploadMonitor", "Portfolio Management\Portfolio.UploadMonitor\Portfolio.UploadMonitor.csproj", "{4213E60D-4CA0-4B19-B256-4714C0578DD1}"
EndProject
Global
	GlobalSection(SolutionConfigurationPlatforms) = preSolution
		Debug|Any CPU = Debug|Any CPU
		Release|Any CPU = Release|Any CPU
	EndGlobalSection
	GlobalSection(ProjectConfigurationPlatforms) = postSolution
		{1C65C023-0B14-4F6E-B090-0CD3328797B4}.Debug|Any CPU.ActiveCfg = Debug|Any CPU
		{1C65C023-0B14-4F6E-B090-0CD3328797B4}.Debug|Any CPU.Build.0 = Debug|Any CPU
		{1C65C023-0B14-4F6E-B090-0CD3328797B4}.Release|Any CPU.ActiveCfg = Release|Any CPU
		{1C65C023-0B14-4F6E-B090-0CD3328797B4}.Release|Any CPU.Build.0 = Release|Any CPU
		{D2D34B8F-736F-4426-B5FA-BD191CEF7F2E}.Debug|Any CPU.ActiveCfg = Debug|Any CPU
		{D2D34B8F-736F-4426-B5FA-BD191CEF7F2E}.Debug|Any CPU.Build.0 = Debug|Any CPU
		{D2D34B8F-736F-4426-B5FA-BD191CEF7F2E}.Debug|Any CPU.Deploy.0 = Debug|Any CPU
		{D2D34B8F-736F-4426-B5FA-BD191CEF7F2E}.Release|Any CPU.ActiveCfg = Release|Any CPU
		{D2D34B8F-736F-4426-B5FA-BD191CEF7F2E}.Release|Any CPU.Build.0 = Release|Any CPU
		{D2D34B8F-736F-4426-B5FA-BD191CEF7F2E}.Release|Any CPU.Deploy.0 = Release|Any CPU
		{CE6FA61D-6331-4E99-B1EE-E3B07AF05454}.Debug|Any CPU.ActiveCfg = Debug|Any CPU
		{CE6FA61D-6331-4E99-B1EE-E3B07AF05454}.Debug|Any CPU.Build.0 = Debug|Any CPU
		{CE6FA61D-6331-4E99-B1EE-E3B07AF05454}.Release|Any CPU.ActiveCfg = Release|Any CPU
		{CE6FA61D-6331-4E99-B1EE-E3B07AF05454}.Release|Any CPU.Build.0 = Release|Any CPU
		{1F49245A-32D3-42BB-A2F5-764C498825CA}.Debug|Any CPU.ActiveCfg = Debug|Any CPU
		{1F49245A-32D3-42BB-A2F5-764C498825CA}.Debug|Any CPU.Build.0 = Debug|Any CPU
		{1F49245A-32D3-42BB-A2F5-764C498825CA}.Release|Any CPU.ActiveCfg = Release|Any CPU
		{1F49245A-32D3-42BB-A2F5-764C498825CA}.Release|Any CPU.Build.0 = Release|Any CPU
		{09DD5B3E-E7D5-4CA4-8A87-29118F68B156}.Debug|Any CPU.ActiveCfg = Debug|Any CPU
		{09DD5B3E-E7D5-4CA4-8A87-29118F68B156}.Debug|Any CPU.Build.0 = Debug|Any CPU
		{09DD5B3E-E7D5-4CA4-8A87-29118F68B156}.Release|Any CPU.ActiveCfg = Release|Any CPU
		{09DD5B3E-E7D5-4CA4-8A87-29118F68B156}.Release|Any CPU.Build.0 = Release|Any CPU
		{209F47B3-CFA1-44B8-8008-B1585864D711}.Debug|Any CPU.ActiveCfg = Debug|Any CPU
		{209F47B3-CFA1-44B8-8008-B1585864D711}.Debug|Any CPU.Build.0 = Debug|Any CPU
		{209F47B3-CFA1-44B8-8008-B1585864D711}.Release|Any CPU.ActiveCfg = Release|Any CPU
		{209F47B3-CFA1-44B8-8008-B1585864D711}.Release|Any CPU.Build.0 = Release|Any CPU
		{9DD6CA5A-31B0-4C4D-A23C-FD5B769A61F3}.Debug|Any CPU.ActiveCfg = Debug|Any CPU
		{9DD6CA5A-31B0-4C4D-A23C-FD5B769A61F3}.Debug|Any CPU.Build.0 = Debug|Any CPU
		{9DD6CA5A-31B0-4C4D-A23C-FD5B769A61F3}.Release|Any CPU.ActiveCfg = Release|Any CPU
		{9DD6CA5A-31B0-4C4D-A23C-FD5B769A61F3}.Release|Any CPU.Build.0 = Release|Any CPU
		{2C705771-E4FC-4DB8-AFAF-4326373A5DC2}.Debug|Any CPU.ActiveCfg = Debug|Any CPU
		{2C705771-E4FC-4DB8-AFAF-4326373A5DC2}.Debug|Any CPU.Build.0 = Debug|Any CPU
		{2C705771-E4FC-4DB8-AFAF-4326373A5DC2}.Release|Any CPU.ActiveCfg = Release|Any CPU
		{2C705771-E4FC-4DB8-AFAF-4326373A5DC2}.Release|Any CPU.Build.0 = Release|Any CPU
		{BA9BAE54-6E5B-401D-B80E-DE303FCAFB59}.Debug|Any CPU.ActiveCfg = Debug|Any CPU
		{BA9BAE54-6E5B-401D-B80E-DE303FCAFB59}.Debug|Any CPU.Build.0 = Debug|Any CPU
		{BA9BAE54-6E5B-401D-B80E-DE303FCAFB59}.Release|Any CPU.ActiveCfg = Release|Any CPU
		{BA9BAE54-6E5B-401D-B80E-DE303FCAFB59}.Release|Any CPU.Build.0 = Release|Any CPU
		{931BFFD4-85C6-41AE-B80A-E4DE464B8371}.Debug|Any CPU.ActiveCfg = Debug|Any CPU
		{931BFFD4-85C6-41AE-B80A-E4DE464B8371}.Debug|Any CPU.Build.0 = Debug|Any CPU
		{931BFFD4-85C6-41AE-B80A-E4DE464B8371}.Release|Any CPU.ActiveCfg = Release|Any CPU
		{931BFFD4-85C6-41AE-B80A-E4DE464B8371}.Release|Any CPU.Build.0 = Release|Any CPU
		{67140229-F459-46D7-B9D3-713F426BE1A8}.Debug|Any CPU.ActiveCfg = Debug|Any CPU
		{67140229-F459-46D7-B9D3-713F426BE1A8}.Debug|Any CPU.Build.0 = Debug|Any CPU
		{67140229-F459-46D7-B9D3-713F426BE1A8}.Release|Any CPU.ActiveCfg = Release|Any CPU
		{67140229-F459-46D7-B9D3-713F426BE1A8}.Release|Any CPU.Build.0 = Release|Any CPU
		{4213E60D-4CA0-4B19-B256-4714C0578DD1}.Debug|Any CPU.ActiveCfg = Debug|Any CPU
		{4213E60D-4CA0-4B19-B256-4714C0578DD1}.Debug|Any CPU.Build.0 = Debug|Any CPU
		{4213E60D-4CA0-4B19-B256-4714C0578DD1}.Release|Any CPU.ActiveCfg = Release|Any CPU
		{4213E60D-4CA0-4B19-B256-4714C0578DD1}.Release|Any CPU.Build.0 = Release|Any CPU
	EndGlobalSection
	GlobalSection(SolutionProperties) = preSolution
		HideSolutionNode = FALSE
	EndGlobalSection
	GlobalSection(NestedProjects) = preSolution
		{1C65C023-0B14-4F6E-B090-0CD3328797B4} = {55CDC4F1-5A2C-4B62-AABD-50E34D255A83}
		{D2D34B8F-736F-4426-B5FA-BD191CEF7F2E} = {C5F308B6-D3B0-402E-96EB-FE77CD2DA3F6}
		{CE6FA61D-6331-4E99-B1EE-E3B07AF05454} = {C5F308B6-D3B0-402E-96EB-FE77CD2DA3F6}
		{1F49245A-32D3-42BB-A2F5-764C498825CA} = {55CDC4F1-5A2C-4B62-AABD-50E34D255A83}
		{09DD5B3E-E7D5-4CA4-8A87-29118F68B156} = {C5F308B6-D3B0-402E-96EB-FE77CD2DA3F6}
		{209F47B3-CFA1-44B8-8008-B1585864D711} = {55CDC4F1-5A2C-4B62-AABD-50E34D255A83}
		{9DD6CA5A-31B0-4C4D-A23C-FD5B769A61F3} = {55CDC4F1-5A2C-4B62-AABD-50E34D255A83}
		{2C705771-E4FC-4DB8-AFAF-4326373A5DC2} = {55CDC4F1-5A2C-4B62-AABD-50E34D255A83}
		{BA9BAE54-6E5B-401D-B80E-DE303FCAFB59} = {54AD7328-787E-4F74-8EDF-F6DE36DC65D0}
		{931BFFD4-85C6-41AE-B80A-E4DE464B8371} = {55CDC4F1-5A2C-4B62-AABD-50E34D255A83}
		{67140229-F459-46D7-B9D3-713F426BE1A8} = {C5F308B6-D3B0-402E-96EB-FE77CD2DA3F6}
		{4213E60D-4CA0-4B19-B256-4714C0578DD1} = {C5F308B6-D3B0-402E-96EB-FE77CD2DA3F6}
	EndGlobalSection
	GlobalSection(ExtensibilityGlobals) = postSolution
		SolutionGuid = {17CB0C3B-E354-48CC-A983-7AC671662C59}
	EndGlobalSection
EndGlobal
